
Microsoft Visual Studio Solution File, Format Version 12.00
# Visual Studio 2012
Project("{FAE04EC0-301F-11D3-BF4B-00C04F79EFBC}") = "Lab2", "Lab2\Lab2.csproj", "{3C02521E-6271-4CF8-BC79-7908E8CD463B}"
EndProject
Global
	GlobalSection(SolutionConfigurationPlatforms) = preSolution
		Debug|Any CPU = Debug|Any CPU
		Release|Any CPU = Release|Any CPU
	EndGlobalSection
	GlobalSection(ProjectConfigurationPlatforms) = postSolution
		{3C02521E-6271-4CF8-BC79-7908E8CD463B}.Debug|Any CPU.ActiveCfg = Debug|Any CPU
		{3C02521E-6271-4CF8-BC79-7908E8CD463B}.Debug|Any CPU.Build.0 = Debug|Any CPU
		{3C02521E-6271-4CF8-BC79-7908E8CD463B}.Release|Any CPU.ActiveCfg = Release|Any CPU
		{3C02521E-6271-4CF8-BC79-7908E8CD463B}.Release|Any CPU.Build.0 = Release|Any CPU
	EndGlobalSection
	GlobalSection(SolutionProperties) = preSolution
		HideSolutionNode = FALSE
	EndGlobalSection
EndGlobal
