
Microsoft Visual Studio Solution File, Format Version 12.00
# Visual Studio 2012
Project("{FAE04EC0-301F-11D3-BF4B-00C04F79EFBC}") = "Lab1", "Lab1\Lab1.csproj", "{0C09E00F-5360-4319-BFBE-8DCBD6F5C273}"
EndProject
Project("{FAE04EC0-301F-11D3-BF4B-00C04F79EFBC}") = "Lab2", "Lab2\Lab2.csproj", "{3E978589-F941-4744-911D-9A196DE25C7C}"
EndProject
Project("{FAE04EC0-301F-11D3-BF4B-00C04F79EFBC}") = "Lab4", "Lab4\Lab4.csproj", "{1CF81229-C420-48BD-9AEA-DCC9B4970062}"
EndProject
Project("{FAE04EC0-301F-11D3-BF4B-00C04F79EFBC}") = "Lab3", "Lab3\Lab3.csproj", "{0ECC3BDC-6A93-4C30-B262-1528D747B8F0}"
EndProject
Project("{FAE04EC0-301F-11D3-BF4B-00C04F79EFBC}") = "Lab5", "Lab5\Lab5.csproj", "{0583673D-8496-4794-BC92-69BAA2B57A93}"
EndProject
Project("{FAE04EC0-301F-11D3-BF4B-00C04F79EFBC}") = "Lab6", "Lab6\Lab6.csproj", "{350DC6B6-C19A-46A2-B180-8600FAA5600B}"
EndProject
Project("{FAE04EC0-301F-11D3-BF4B-00C04F79EFBC}") = "Lab6_Reflex", "Lab6_Reflex\Lab6_Reflex.csproj", "{CBAD108A-DBAD-41C1-AE78-18521D2EA4B6}"
EndProject
Global
	GlobalSection(SolutionConfigurationPlatforms) = preSolution
		Debug|Any CPU = Debug|Any CPU
		Release|Any CPU = Release|Any CPU
	EndGlobalSection
	GlobalSection(ProjectConfigurationPlatforms) = postSolution
		{0C09E00F-5360-4319-BFBE-8DCBD6F5C273}.Debug|Any CPU.ActiveCfg = Debug|Any CPU
		{0C09E00F-5360-4319-BFBE-8DCBD6F5C273}.Debug|Any CPU.Build.0 = Debug|Any CPU
		{0C09E00F-5360-4319-BFBE-8DCBD6F5C273}.Release|Any CPU.ActiveCfg = Release|Any CPU
		{0C09E00F-5360-4319-BFBE-8DCBD6F5C273}.Release|Any CPU.Build.0 = Release|Any CPU
		{3E978589-F941-4744-911D-9A196DE25C7C}.Debug|Any CPU.ActiveCfg = Debug|Any CPU
		{3E978589-F941-4744-911D-9A196DE25C7C}.Debug|Any CPU.Build.0 = Debug|Any CPU
		{3E978589-F941-4744-911D-9A196DE25C7C}.Release|Any CPU.ActiveCfg = Release|Any CPU
		{3E978589-F941-4744-911D-9A196DE25C7C}.Release|Any CPU.Build.0 = Release|Any CPU
		{1CF81229-C420-48BD-9AEA-DCC9B4970062}.Debug|Any CPU.ActiveCfg = Debug|Any CPU
		{1CF81229-C420-48BD-9AEA-DCC9B4970062}.Debug|Any CPU.Build.0 = Debug|Any CPU
		{1CF81229-C420-48BD-9AEA-DCC9B4970062}.Release|Any CPU.ActiveCfg = Release|Any CPU
		{1CF81229-C420-48BD-9AEA-DCC9B4970062}.Release|Any CPU.Build.0 = Release|Any CPU
		{0ECC3BDC-6A93-4C30-B262-1528D747B8F0}.Debug|Any CPU.ActiveCfg = Debug|Any CPU
		{0ECC3BDC-6A93-4C30-B262-1528D747B8F0}.Debug|Any CPU.Build.0 = Debug|Any CPU
		{0ECC3BDC-6A93-4C30-B262-1528D747B8F0}.Release|Any CPU.ActiveCfg = Release|Any CPU
		{0ECC3BDC-6A93-4C30-B262-1528D747B8F0}.Release|Any CPU.Build.0 = Release|Any CPU
		{0583673D-8496-4794-BC92-69BAA2B57A93}.Debug|Any CPU.ActiveCfg = Debug|Any CPU
		{0583673D-8496-4794-BC92-69BAA2B57A93}.Debug|Any CPU.Build.0 = Debug|Any CPU
		{0583673D-8496-4794-BC92-69BAA2B57A93}.Release|Any CPU.ActiveCfg = Release|Any CPU
		{0583673D-8496-4794-BC92-69BAA2B57A93}.Release|Any CPU.Build.0 = Release|Any CPU
		{350DC6B6-C19A-46A2-B180-8600FAA5600B}.Debug|Any CPU.ActiveCfg = Debug|Any CPU
		{350DC6B6-C19A-46A2-B180-8600FAA5600B}.Debug|Any CPU.Build.0 = Debug|Any CPU
		{350DC6B6-C19A-46A2-B180-8600FAA5600B}.Release|Any CPU.ActiveCfg = Release|Any CPU
		{350DC6B6-C19A-46A2-B180-8600FAA5600B}.Release|Any CPU.Build.0 = Release|Any CPU
		{CBAD108A-DBAD-41C1-AE78-18521D2EA4B6}.Debug|Any CPU.ActiveCfg = Debug|Any CPU
		{CBAD108A-DBAD-41C1-AE78-18521D2EA4B6}.Debug|Any CPU.Build.0 = Debug|Any CPU
		{CBAD108A-DBAD-41C1-AE78-18521D2EA4B6}.Release|Any CPU.ActiveCfg = Release|Any CPU
		{CBAD108A-DBAD-41C1-AE78-18521D2EA4B6}.Release|Any CPU.Build.0 = Release|Any CPU
	EndGlobalSection
	GlobalSection(SolutionProperties) = preSolution
		HideSolutionNode = FALSE
	EndGlobalSection
	GlobalSection(ExtensibilityGlobals) = postSolution
		SolutionGuid = {EE30CB8D-DA59-43A4-AEA6-B814904CA80A}
	EndGlobalSection
EndGlobal
